<?xml version="1.0" encoding="utf-8"?>
<Project ToolsVersion="4.0" xmlns="http://schemas.microsoft.com/developer/msbuild/2003">
  <ItemGroup>
    <ClCompile Include="CObjFire.cpp" />
    <ClCompile Include="CObjFireBattle.cpp" />
    <ClCompile Include="CObjIce.cpp" />
    <ClCompile Include="CObjIceBattle.cpp" />
    <ClCompile Include="CObjSwordBattle.cpp" />
    <ClCompile Include="CObjThunder.cpp" />
    <ClCompile Include="CObjThunderBattle.cpp" />
    <ClCompile Include="CObjWind.cpp" />
    <ClCompile Include="ObjBoss1Battle.cpp" />
    <ClCompile Include="ObjClear.cpp" />
    <ClCompile Include="ObjEnemy2Battle.cpp" />
    <ClCompile Include="ObjEnemy3Battle.cpp" />
    <ClCompile Include="ObjEnemyboss1.cpp" />
    <ClCompile Include="ObjBackgroundBattle.cpp" />
    <ClCompile Include="GameL\Audio.cpp" />
    <ClCompile Include="GameL\DirectXDevice.cpp" />
    <ClCompile Include="GameL\Draw2DTex_Source.cpp" />
    <ClCompile Include="GameL\DrawFont.cpp" />
    <ClCompile Include="GameL\DrawTexture.cpp" />
    <ClCompile Include="GameL\GameL_Main.cpp" />
    <ClCompile Include="GameL\HitBoxManager.cpp" />
    <ClCompile Include="GameL\MultiThread.cpp" />
    <ClCompile Include="GameL\SceneManager.cpp" />
    <ClCompile Include="GameL\SceneObjManager.cpp" />
    <ClCompile Include="GameL\SetWindow.cpp" />
    <ClCompile Include="GameL\UserData.cpp" />
    <ClCompile Include="GameL\WICTextureLoader.cpp" />
    <ClCompile Include="GameL\WinInputs.cpp" />
    <ClCompile Include="ObjBlock.cpp" />
    <ClCompile Include="ObjBlockBattle.cpp" />
    <ClCompile Include="ObjEnemy1.cpp" />
    <ClCompile Include="ObjEnemy1Battle.cpp" />
    <ClCompile Include="ObjFadein.cpp" />
    <ClCompile Include="ObjFireblock.cpp" />
    <ClCompile Include="ObjFireGate.cpp" />
    <ClCompile Include="ObjGameover.cpp" />
    <ClCompile Include="ObjHeal.cpp" />
    <ClCompile Include="ObjHero.cpp" />
    <ClCompile Include="ObjHeroBattle.cpp" />
    <ClCompile Include="ItemIce.cpp" />
    <ClCompile Include="ObjMain.cpp" />
    <ClCompile Include="ObjMenu.cpp" />
    <ClCompile Include="ObjMessage.cpp" />
    <ClCompile Include="ObjKey.cpp" />
    <ClCompile Include="ObjGate.cpp" />
    <ClCompile Include="ObjNextfloor.cpp" />
    <ClCompile Include="ObjResetblock.cpp" />
    <ClCompile Include="ObjSister.cpp" />
    <ClCompile Include="ObjStairs.cpp" />
    <ClCompile Include="ObjSwitch.cpp" />
    <ClCompile Include="ObjSwitchGate.cpp" />
    <ClCompile Include="ObjTitle.cpp" />
    <ClCompile Include="ObjTopback.cpp" />
    <ClCompile Include="ObjWater.cpp" />
    <ClCompile Include="SceneBattle.cpp" />
    <ClCompile Include="SceneClear.cpp" />
    <ClCompile Include="SceneGameover.cpp" />
    <ClCompile Include="SceneMain.cpp" />
    <ClCompile Include="SceneMenu.cpp" />
    <ClCompile Include="SceneNextfloor.cpp" />
    <ClCompile Include="SceneTitle.cpp" />
    <ClCompile Include="ObjBoss2Battle.cpp" />
  </ItemGroup>
  <ItemGroup>
    <ClInclude Include="CObjFire.h" />
    <ClInclude Include="CObjFireBattle.h" />
    <ClInclude Include="CObjIce.h" />
    <ClInclude Include="CObjIceBattle.h" />
    <ClInclude Include="CObjSwordBattle.h" />
    <ClInclude Include="CObjThunder.h" />
    <ClInclude Include="CObjThunderBattle.h" />
    <ClInclude Include="CObjWind.h" />
    <ClInclude Include="ObjBoss1Battle.h" />
    <ClInclude Include="ObjClear.h" />
    <ClInclude Include="ObjEnemy2Battle.h" />
    <ClInclude Include="ObjEnemy3Battle.h" />
    <ClInclude Include="ObjEnemyboss1.h" />
    <ClInclude Include="ObjBackgroundBattle.h" />
    <ClInclude Include="ObjBlockBattle.h" />
    <ClInclude Include="ObjEnemy1.h" />
    <ClInclude Include="ObjEnemy1Battle.h" />
    <ClInclude Include="ObjFadein.h" />
    <ClInclude Include="ObjFireblock.h" />
    <ClInclude Include="ObjFireGate.h" />
    <ClInclude Include="ObjGameover.h" />
    <ClInclude Include="ObjHeal.h" />
    <ClInclude Include="ObjHeroBattle.h" />
    <ClInclude Include="ItemIce.h" />
    <ClInclude Include="ObjMessage.h" />
    <ClInclude Include="GameHead.h" />
    <ClInclude Include="GameL\Audio.h" />
    <ClInclude Include="GameL\DirectXDevice.h" />
    <ClInclude Include="GameL\DirectXTex.h" />
    <ClInclude Include="GameL\DrawFont.h" />
    <ClInclude Include="GameL\DrawTexture.h" />
    <ClInclude Include="GameL\HitBoxManager.h" />
    <ClInclude Include="GameL\MultiThread.h" />
    <ClInclude Include="GameL\SceneManager.h" />
    <ClInclude Include="GameL\SceneObjManager.h" />
    <ClInclude Include="GameL\SetWindow.h" />
    <ClInclude Include="GameL\UserData.h" />
    <ClInclude Include="GameL\WICTextureLoader.h" />
    <ClInclude Include="GameL\WinInputs.h" />
    <ClInclude Include="main.h" />
    <ClInclude Include="ObjBlock.h" />
    <ClInclude Include="ObjHero.h" />
    <ClInclude Include="ObjMain.h" />
    <ClInclude Include="ObjMenu.h" />
    <ClInclude Include="ObjKey.h" />
    <ClInclude Include="ObjGate.h" />
    <ClInclude Include="ObjNextfloor.h" />
    <ClInclude Include="ObjResetblock.h" />
    <ClInclude Include="ObjSister.h" />
    <ClInclude Include="ObjStairs.h" />
    <ClInclude Include="ObjSwitch.h" />
    <ClInclude Include="ObjSwitchGate.h" />
    <ClInclude Include="ObjTitle.h" />
    <ClInclude Include="ObjTopback.h" />
    <ClInclude Include="ObjWater.h" />
    <ClInclude Include="SceneBattle.h" />
    <ClInclude Include="SceneClear.h" />
    <ClInclude Include="SceneGameover.h" />
    <ClInclude Include="SceneMain.h" />
    <ClInclude Include="SceneMenu.h" />
    <ClInclude Include="SceneNextfloor.h" />
    <ClInclude Include="SceneTitle.h" />
  </ItemGroup>
  <ItemGroup>
    <Library Include="GameL\DirectXTex.lib" />
  </ItemGroup>
  <ItemGroup>
    <None Include="GameL\DirectXTex.inl" />
  </ItemGroup>
</Project>