<?xml version="1.0" encoding="utf-8"?>
<Project ToolsVersion="4.0" xmlns="http://schemas.microsoft.com/developer/msbuild/2003">
  <ItemGroup>
    <Filter Include="ソース ファイル">
      <UniqueIdentifier>{4FC737F1-C7A5-4376-A066-2A32D752A2FF}</UniqueIdentifier>
      <Extensions>cpp;c;cc;cxx;def;odl;idl;hpj;bat;asm;asmx</Extensions>
    </Filter>
    <Filter Include="ヘッダー ファイル">
      <UniqueIdentifier>{93995380-89BD-4b04-88EB-625FBE52EBFB}</UniqueIdentifier>
      <Extensions>h;hh;hpp;hxx;hm;inl;inc;xsd</Extensions>
    </Filter>
    <Filter Include="リソース ファイル">
      <UniqueIdentifier>{67DA6AB6-F800-4c08-8B7A-83BB121AAD01}</UniqueIdentifier>
      <Extensions>rc;ico;cur;bmp;dlg;rc2;rct;bin;rgs;gif;jpg;jpeg;jpe;resx;tiff;tif;png;wav;mfcribbon-ms</Extensions>
    </Filter>
    <Filter Include="ソース ファイル\Main">
      <UniqueIdentifier>{baa29261-75ee-4512-af66-c5fd9f170f69}</UniqueIdentifier>
    </Filter>
    <Filter Include="ソース ファイル\Title">
      <UniqueIdentifier>{bb6dc68a-1327-44b8-ac9f-48e0268ae98d}</UniqueIdentifier>
    </Filter>
    <Filter Include="ソース ファイル\Menu">
      <UniqueIdentifier>{524852c8-d492-489f-bd75-ad6bc8652f4f}</UniqueIdentifier>
    </Filter>
    <Filter Include="ソース ファイル\Main\Block関係">
      <UniqueIdentifier>{7353eb23-e651-4ca1-9847-e59475b54507}</UniqueIdentifier>
    </Filter>
    <Filter Include="ソース ファイル\Main\背景関係">
      <UniqueIdentifier>{79cfa641-fc4e-482f-aa49-5738ef017f40}</UniqueIdentifier>
    </Filter>
    <Filter Include="ソース ファイル\Main\Battle関係">
      <UniqueIdentifier>{46bd05cf-569f-46ae-9580-bda106efa9ee}</UniqueIdentifier>
    </Filter>
    <Filter Include="ソース ファイル\Main\Magic関係">
      <UniqueIdentifier>{80f13e64-85fc-4084-8c05-6bd80426f71a}</UniqueIdentifier>
    </Filter>
    <Filter Include="ソース ファイル\Main\Item関係">
      <UniqueIdentifier>{fa12d4d2-3f4f-4a30-8807-4c5fddb8ee78}</UniqueIdentifier>
    </Filter>
    <Filter Include="ソース ファイル\Main\Gameover">
      <UniqueIdentifier>{45ceea69-a2d6-40d7-9fd9-2ecddd38edee}</UniqueIdentifier>
    </Filter>
    <Filter Include="ソース ファイル\Main\Enemy関係">
      <UniqueIdentifier>{1b33a99d-4d7e-4ecf-a24e-6f09b164453d}</UniqueIdentifier>
    </Filter>
  </ItemGroup>
  <ItemGroup>
    <ClCompile Include="GameL\Audio.cpp">
      <Filter>リソース ファイル</Filter>
    </ClCompile>
    <ClCompile Include="GameL\DirectXDevice.cpp">
      <Filter>リソース ファイル</Filter>
    </ClCompile>
    <ClCompile Include="GameL\Draw2DTex_Source.cpp">
      <Filter>リソース ファイル</Filter>
    </ClCompile>
    <ClCompile Include="GameL\DrawFont.cpp">
      <Filter>リソース ファイル</Filter>
    </ClCompile>
    <ClCompile Include="GameL\DrawTexture.cpp">
      <Filter>リソース ファイル</Filter>
    </ClCompile>
    <ClCompile Include="GameL\GameL_Main.cpp">
      <Filter>リソース ファイル</Filter>
    </ClCompile>
    <ClCompile Include="GameL\HitBoxManager.cpp">
      <Filter>リソース ファイル</Filter>
    </ClCompile>
    <ClCompile Include="GameL\MultiThread.cpp">
      <Filter>リソース ファイル</Filter>
    </ClCompile>
    <ClCompile Include="GameL\SceneManager.cpp">
      <Filter>リソース ファイル</Filter>
    </ClCompile>
    <ClCompile Include="GameL\SceneObjManager.cpp">
      <Filter>リソース ファイル</Filter>
    </ClCompile>
    <ClCompile Include="GameL\SetWindow.cpp">
      <Filter>リソース ファイル</Filter>
    </ClCompile>
    <ClCompile Include="GameL\UserData.cpp">
      <Filter>リソース ファイル</Filter>
    </ClCompile>
    <ClCompile Include="GameL\WICTextureLoader.cpp">
      <Filter>リソース ファイル</Filter>
    </ClCompile>
    <ClCompile Include="GameL\WinInputs.cpp">
      <Filter>リソース ファイル</Filter>
    </ClCompile>
    <ClCompile Include="SceneMain.cpp">
      <Filter>ソース ファイル\Main</Filter>
    </ClCompile>
    <ClCompile Include="ObjHero.cpp">
      <Filter>ソース ファイル\Main</Filter>
    </ClCompile>
    <ClCompile Include="ObjTitle.cpp">
      <Filter>ソース ファイル\Title</Filter>
    </ClCompile>
    <ClCompile Include="SceneTitle.cpp">
      <Filter>ソース ファイル\Title</Filter>
    </ClCompile>
    <ClCompile Include="SceneMenu.cpp">
      <Filter>ソース ファイル\Menu</Filter>
    </ClCompile>
    <ClCompile Include="ObjMenu.cpp">
      <Filter>ソース ファイル\Menu</Filter>
    </ClCompile>
    <ClCompile Include="ObjTopback.cpp">
      <Filter>ソース ファイル\Main\背景関係</Filter>
    </ClCompile>
    <ClCompile Include="ObjMain.cpp">
      <Filter>ソース ファイル\Main\背景関係</Filter>
    </ClCompile>
    <ClCompile Include="ObjBlock.cpp">
      <Filter>ソース ファイル\Main\Block関係</Filter>
    </ClCompile>
    <ClCompile Include="ObjWater.cpp">
      <Filter>ソース ファイル\Main\Block関係</Filter>
    </ClCompile>
    <ClCompile Include="ObjMessage.cpp">
      <Filter>ソース ファイル\Main</Filter>
    </ClCompile>
    <ClCompile Include="ObjBlockBattle.cpp">
      <Filter>ソース ファイル\Main\Battle関係</Filter>
    </ClCompile>
    <ClCompile Include="ObjEnemyBattle.cpp">
      <Filter>ソース ファイル\Main\Battle関係</Filter>
    </ClCompile>
    <ClCompile Include="SceneBattle.cpp">
      <Filter>ソース ファイル\Main\Battle関係</Filter>
    </ClCompile>
    <ClCompile Include="CObjFire.cpp">
      <Filter>ソース ファイル\Main\Magic関係</Filter>
    </ClCompile>
    <ClCompile Include="ObjFireblock.cpp">
      <Filter>ソース ファイル\Main\Block関係</Filter>
    </ClCompile>
    <ClCompile Include="CObjIce.cpp">
      <Filter>ソース ファイル\Main\Magic関係</Filter>
    </ClCompile>
    <ClCompile Include="CObjThunder.cpp">
      <Filter>ソース ファイル\Main\Magic関係</Filter>
    </ClCompile>
    <ClCompile Include="CObjWind.cpp">
      <Filter>ソース ファイル\Main\Magic関係</Filter>
    </ClCompile>
    <ClCompile Include="ObjBackgroundBattle.cpp">
      <Filter>ソース ファイル\Main\Battle関係</Filter>
    </ClCompile>
    <ClCompile Include="ObjHeroBattle.cpp">
      <Filter>ソース ファイル\Main\Battle関係</Filter>
    </ClCompile>
    <ClCompile Include="ObjBattleMain.cpp">
      <Filter>ソース ファイル\Main\Battle関係</Filter>
    </ClCompile>
    <ClCompile Include="ObjResetblock.cpp">
      <Filter>ソース ファイル\Main\Battle関係</Filter>
    </ClCompile>
    <ClCompile Include="CObjIceBattle.cpp">
      <Filter>ソース ファイル\Main\Battle関係</Filter>
    </ClCompile>
    <ClCompile Include="CObjThunderBattle.cpp">
      <Filter>ソース ファイル\Main\Battle関係</Filter>
    </ClCompile>
    <ClCompile Include="ObjKey.cpp">
      <Filter>ソース ファイル\Main\Block関係</Filter>
    </ClCompile>
    <ClCompile Include="ObjFireGate.cpp">
      <Filter>ソース ファイル\Main\Block関係</Filter>
    </ClCompile>
    <ClCompile Include="ObjGate.cpp">
      <Filter>ソース ファイル\Main\Block関係</Filter>
    </ClCompile>
    <ClCompile Include="ItemIce.cpp">
      <Filter>ソース ファイル\Main\Item関係</Filter>
    </ClCompile>
    <ClCompile Include="ObjHeal.cpp">
      <Filter>ソース ファイル\Main\Block関係</Filter>
    </ClCompile>
    <ClCompile Include="ObjSwitch.cpp">
      <Filter>ソース ファイル\Main\Block関係</Filter>
    </ClCompile>
    <ClCompile Include="CObjSwordBattle.cpp">
      <Filter>ソース ファイル</Filter>
    </ClCompile>
    <ClCompile Include="ObjGameover.cpp">
      <Filter>ソース ファイル\Main\Gameover</Filter>
    </ClCompile>
    <ClCompile Include="SceneGameover.cpp">
      <Filter>ソース ファイル\Main\Gameover</Filter>
    </ClCompile>
    <ClCompile Include="ObjEnemy1.cpp">
      <Filter>ソース ファイル\Main\Enemy関係</Filter>
    </ClCompile>
    <ClCompile Include="ObjEnemyboss1.cpp">
      <Filter>ソース ファイル\Main\Enemy関係</Filter>
    </ClCompile>
    <ClCompile Include="ObjSwitchGate.cpp">
      <Filter>ソース ファイル</Filter>
    </ClCompile>
    <ClCompile Include="SceneGameover.cpp">
      <Filter>ソース ファイル</Filter>
    </ClCompile>
    <ClCompile Include="SceneMain.cpp">
      <Filter>ソース ファイル</Filter>
    </ClCompile>
    <ClCompile Include="ObjBossBattle.cpp">
      <Filter>ソース ファイル\Main\Battle関係</Filter>
    </ClCompile>
    <ClCompile Include="CObjFireBattle.cpp">
      <Filter>ソース ファイル\Main\Battle関係</Filter>
    </ClCompile>
  </ItemGroup>
  <ItemGroup>
    <ClInclude Include="GameL\Audio.h">
      <Filter>リソース ファイル</Filter>
    </ClInclude>
    <ClInclude Include="GameL\DirectXDevice.h">
      <Filter>リソース ファイル</Filter>
    </ClInclude>
    <ClInclude Include="GameL\DirectXTex.h">
      <Filter>リソース ファイル</Filter>
    </ClInclude>
    <ClInclude Include="GameL\DrawFont.h">
      <Filter>リソース ファイル</Filter>
    </ClInclude>
    <ClInclude Include="GameL\DrawTexture.h">
      <Filter>リソース ファイル</Filter>
    </ClInclude>
    <ClInclude Include="GameL\HitBoxManager.h">
      <Filter>リソース ファイル</Filter>
    </ClInclude>
    <ClInclude Include="GameL\MultiThread.h">
      <Filter>リソース ファイル</Filter>
    </ClInclude>
    <ClInclude Include="GameL\SceneManager.h">
      <Filter>リソース ファイル</Filter>
    </ClInclude>
    <ClInclude Include="GameL\SceneObjManager.h">
      <Filter>リソース ファイル</Filter>
    </ClInclude>
    <ClInclude Include="GameL\SetWindow.h">
      <Filter>リソース ファイル</Filter>
    </ClInclude>
    <ClInclude Include="GameL\UserData.h">
      <Filter>リソース ファイル</Filter>
    </ClInclude>
    <ClInclude Include="GameL\WICTextureLoader.h">
      <Filter>リソース ファイル</Filter>
    </ClInclude>
    <ClInclude Include="GameL\WinInputs.h">
      <Filter>リソース ファイル</Filter>
    </ClInclude>
    <ClInclude Include="GameHead.h">
      <Filter>ヘッダー ファイル</Filter>
    </ClInclude>
    <ClInclude Include="main.h">
      <Filter>ヘッダー ファイル</Filter>
    </ClInclude>
    <ClInclude Include="ObjHero.h">
      <Filter>ソース ファイル\Main</Filter>
    </ClInclude>
    <ClInclude Include="ObjTitle.h">
      <Filter>ソース ファイル\Title</Filter>
    </ClInclude>
    <ClInclude Include="SceneTitle.h">
      <Filter>ソース ファイル\Title</Filter>
    </ClInclude>
    <ClInclude Include="SceneMenu.h">
      <Filter>ソース ファイル\Menu</Filter>
    </ClInclude>
    <ClInclude Include="ObjMenu.h">
      <Filter>ソース ファイル\Menu</Filter>
    </ClInclude>
    <ClInclude Include="ObjTopback.h">
      <Filter>ソース ファイル\Main\背景関係</Filter>
    </ClInclude>
    <ClInclude Include="ObjMain.h">
      <Filter>ソース ファイル\Main\背景関係</Filter>
    </ClInclude>
    <ClInclude Include="ObjBlock.h">
      <Filter>ソース ファイル\Main\Block関係</Filter>
    </ClInclude>
    <ClInclude Include="ObjWater.h">
      <Filter>ソース ファイル\Main\Block関係</Filter>
    </ClInclude>
    <ClInclude Include="ObjMessage.h">
      <Filter>ソース ファイル\Main</Filter>
    </ClInclude>
    <ClInclude Include="ObjBlockBattle.h">
      <Filter>ソース ファイル\Main\Battle関係</Filter>
    </ClInclude>
    <ClInclude Include="ObjEnemyBattle.h">
      <Filter>ソース ファイル\Main\Battle関係</Filter>
    </ClInclude>
    <ClInclude Include="SceneBattle.h">
      <Filter>ソース ファイル\Main\Battle関係</Filter>
    </ClInclude>
    <ClInclude Include="ObjFireblock.h">
      <Filter>ソース ファイル\Main\Block関係</Filter>
    </ClInclude>
    <ClInclude Include="CObjFire.h">
      <Filter>ソース ファイル\Main\Magic関係</Filter>
    </ClInclude>
    <ClInclude Include="CObjIce.h">
      <Filter>ソース ファイル\Main\Magic関係</Filter>
    </ClInclude>
    <ClInclude Include="CObjThunder.h">
      <Filter>ソース ファイル\Main\Magic関係</Filter>
    </ClInclude>
    <ClInclude Include="CObjWind.h">
      <Filter>ソース ファイル\Main\Magic関係</Filter>
    </ClInclude>
    <ClInclude Include="ObjBackgroundBattle.h">
      <Filter>ソース ファイル\Main\Battle関係</Filter>
    </ClInclude>
    <ClInclude Include="ObjHeroBattle.h">
      <Filter>ソース ファイル\Main\Battle関係</Filter>
    </ClInclude>
    <ClInclude Include="ObjBattleMain.h">
      <Filter>ソース ファイル\Main\Battle関係</Filter>
    </ClInclude>
    <ClInclude Include="ObjResetblock.h">
      <Filter>ソース ファイル\Main\Battle関係</Filter>
    </ClInclude>
    <ClInclude Include="CObjIceBattle.h">
      <Filter>ソース ファイル\Main\Battle関係</Filter>
    </ClInclude>
    <ClInclude Include="CObjThunderBattle.h">
      <Filter>ソース ファイル\Main\Battle関係</Filter>
    </ClInclude>
    <ClInclude Include="ObjKey.h">
      <Filter>ソース ファイル\Main\Block関係</Filter>
    </ClInclude>
    <ClInclude Include="ObjFireGate.h">
      <Filter>ソース ファイル\Main\Block関係</Filter>
    </ClInclude>
    <ClInclude Include="ObjGate.h">
      <Filter>ソース ファイル\Main\Block関係</Filter>
    </ClInclude>
    <ClInclude Include="ItemIce.h">
      <Filter>ソース ファイル\Main\Item関係</Filter>
    </ClInclude>
    <ClInclude Include="ObjHeal.h">
      <Filter>ソース ファイル\Main\Block関係</Filter>
    </ClInclude>
    <ClInclude Include="ObjSwitch.h">
      <Filter>ソース ファイル\Main\Block関係</Filter>
    </ClInclude>
    <ClInclude Include="CObjSwordBattle.h">
      <Filter>ヘッダー ファイル</Filter>
    </ClInclude>
    <ClInclude Include="ObjGameover.h">
      <Filter>ソース ファイル\Main\Gameover</Filter>
    </ClInclude>
    <ClInclude Include="SceneGameover.h">
      <Filter>ソース ファイル\Main\Gameover</Filter>
    </ClInclude>
    <ClInclude Include="SceneMain.h">
      <Filter>ソース ファイル\Main</Filter>
    </ClInclude>
    <ClInclude Include="ObjEnemy1.h">
      <Filter>ソース ファイル\Main\Enemy関係</Filter>
    </ClInclude>
    <ClInclude Include="ObjEnemyboss1.h">
      <Filter>ソース ファイル\Main\Enemy関係</Filter>
    </ClInclude>
    <ClInclude Include="ObjSwitchGate.h">
      <Filter>ヘッダー ファイル</Filter>
    </ClInclude>
    <ClInclude Include="SceneGameover.h">
      <Filter>ヘッダー ファイル</Filter>
    </ClInclude>
    <ClInclude Include="ObjBossBattle.h">
      <Filter>ソース ファイル\Main\Battle関係</Filter>
    <ClInclude Include="CObjFireBattle.h">
      <Filter>ソース ファイル\Main\Battle関係</Filter>
    </ClInclude>
  </ItemGroup>
  <ItemGroup>
    <None Include="GameL\DirectXTex.inl">
      <Filter>リソース ファイル</Filter>
    </None>
  </ItemGroup>
  <ItemGroup>
    <Library Include="GameL\DirectXTex.lib">
      <Filter>リソース ファイル</Filter>
    </Library>
  </ItemGroup>
</Project>